<?xml version="1.0" encoding="utf-8"?>
<Project ToolsVersion="4.0" xmlns="http://schemas.microsoft.com/developer/msbuild/2003">
  <ItemGroup>
    <ClCompile Include="adsr.cpp">
      <Filter>General</Filter>
    </ClCompile>
    <ClCompile Include="renderer.cpp">
      <Filter>General</Filter>
    </ClCompile>
    <ClCompile Include="map.cpp">
      <Filter>General</Filter>
    </ClCompile>
    <ClCompile Include="model_animated.cpp">
      <Filter>General</Filter>
    </ClCompile>
    <ClCompile Include="model_shield.cpp">
      <Filter>General</Filter>
    </ClCompile>
    <ClCompile Include="cooldown.cpp">
      <Filter>General</Filter>
    </ClCompile>
    <ClCompile Include="lfo.cpp">
      <Filter>General</Filter>
    </ClCompile>
    <ClCompile Include="particle.cpp">
      <Filter>General</Filter>
    </ClCompile>
    <ClCompile Include="resource_manager.cpp">
      <Filter>General</Filter>
    </ClCompile>
    <ClCompile Include="sprite.cpp">
      <Filter>General</Filter>
    </ClCompile>
    <ClCompile Include="tick_context.cpp">
      <Filter>General</Filter>
    </ClCompile>
    <ClCompile Include="vector.cpp">
      <Filter>General</Filter>
    </ClCompile>
    <ClCompile Include="world.cpp">
      <Filter>General</Filter>
    </ClCompile>
    <ClCompile Include="module_deserialize.cpp">
      <Filter>Module</Filter>
    </ClCompile>
    <ClCompile Include="module_engine.cpp">
      <Filter>Module</Filter>
    </ClCompile>
    <ClCompile Include="module_flamethrower.cpp">
      <Filter>Module</Filter>
    </ClCompile>
    <ClCompile Include="module_battery.cpp">
      <Filter>Module</Filter>
    </ClCompile>
    <ClCompile Include="module_cannon.cpp">
      <Filter>Module</Filter>
    </ClCompile>
    <ClCompile Include="module_base.cpp">
      <Filter>Module</Filter>
    </ClCompile>
    <ClCompile Include="module_cargo.cpp">
      <Filter>Module</Filter>
    </ClCompile>
    <ClCompile Include="module_core.cpp">
      <Filter>Module</Filter>
    </ClCompile>
    <ClCompile Include="module_energy_generator.cpp">
      <Filter>Module</Filter>
    </ClCompile>
    <ClCompile Include="module_shield_generator.cpp">
      <Filter>Module</Filter>
    </ClCompile>
    <ClCompile Include="module_turret.cpp">
      <Filter>Module</Filter>
    </ClCompile>
    <ClCompile Include="unit_base.cpp">
      <Filter>Unit</Filter>
    </ClCompile>
    <ClCompile Include="unit_bucket.cpp">
      <Filter>Unit</Filter>
    </ClCompile>
    <ClCompile Include="unit_landing_pad.cpp">
      <Filter>Unit</Filter>
    </ClCompile>
    <ClCompile Include="unit_minion.cpp">
      <Filter>Unit</Filter>
    </ClCompile>
    <ClCompile Include="unit_modular.cpp">
      <Filter>Unit</Filter>
    </ClCompile>
    <ClCompile Include="unit_projectile.cpp">
      <Filter>Unit</Filter>
    </ClCompile>
    <ClCompile Include="unit_deserialize.cpp">
      <Filter>Unit</Filter>
    </ClCompile>
    <ClCompile Include="keymap.cpp">
      <Filter>General</Filter>
    </ClCompile>
    <ClCompile Include="resource_image.cpp">
      <Filter>General</Filter>
    </ClCompile>
    <ClCompile Include="unit_gate.cpp">
      <Filter>Unit</Filter>
    </ClCompile>
    <ClCompile Include="stdafx.cpp">
      <Filter>General</Filter>
    </ClCompile>
    <ClCompile Include="curve.cpp">
      <Filter>General</Filter>
    </ClCompile>
    <ClCompile Include="ui_button.cpp">
      <Filter>UI</Filter>
    </ClCompile>
    <ClCompile Include="ui_window.cpp">
      <Filter>UI</Filter>
    </ClCompile>
    <ClCompile Include="ui_event.cpp">
      <Filter>UI</Filter>
    </ClCompile>
    <ClCompile Include="ui.cpp">
      <Filter>UI</Filter>
    </ClCompile>
    <ClCompile Include="ui_container.cpp">
      <Filter>UI</Filter>
    </ClCompile>
    <ClCompile Include="module_iturret.cpp">
      <Filter>Module</Filter>
    </ClCompile>
  </ItemGroup>
  <ItemGroup>
    <Filter Include="General">
      <UniqueIdentifier>{906ef365-ee78-4ef2-81ec-adf8d0bd62a6}</UniqueIdentifier>
    </Filter>
    <Filter Include="Module">
      <UniqueIdentifier>{6b5d2276-2d4c-45f3-98c6-75cdfba55a68}</UniqueIdentifier>
    </Filter>
    <Filter Include="Resource Files">
      <UniqueIdentifier>{b37d0f7b-475c-4608-8e52-99aa5aed11b3}</UniqueIdentifier>
    </Filter>
    <Filter Include="Unit">
      <UniqueIdentifier>{d9a7fe68-c8fd-4fbe-a549-887729308338}</UniqueIdentifier>
    </Filter>
    <Filter Include="UI">
      <UniqueIdentifier>{13dd2180-9e17-4798-a9c8-3ed0eb7fbec5}</UniqueIdentifier>
    </Filter>
  </ItemGroup>
  <ItemGroup>
    <ClInclude Include="adsr.h">
      <Filter>General</Filter>
    </ClInclude>
    <ClInclude Include="keymap.h">
      <Filter>General</Filter>
    </ClInclude>
    <ClInclude Include="renderer.h">
      <Filter>General</Filter>
    </ClInclude>
    <ClInclude Include="command.h">
      <Filter>General</Filter>
    </ClInclude>
    <ClInclude Include="cooldown.h">
      <Filter>General</Filter>
    </ClInclude>
    <ClInclude Include="exception.h">
      <Filter>General</Filter>
    </ClInclude>
    <ClInclude Include="idamageable.h">
      <Filter>General</Filter>
    </ClInclude>
    <ClInclude Include="lfo.h">
      <Filter>General</Filter>
    </ClInclude>
    <ClInclude Include="map.h">
      <Filter>General</Filter>
    </ClInclude>
    <ClInclude Include="model_animated.h">
      <Filter>General</Filter>
    </ClInclude>
    <ClInclude Include="model_shield.h">
      <Filter>General</Filter>
    </ClInclude>
    <ClInclude Include="particle.h">
      <Filter>General</Filter>
    </ClInclude>
    <ClInclude Include="sprite.h">
      <Filter>General</Filter>
    </ClInclude>
    <ClInclude Include="tick_context.h">
      <Filter>General</Filter>
    </ClInclude>
    <ClInclude Include="property.h">
      <Filter>General</Filter>
    </ClInclude>
    <ClInclude Include="resource_image.h">
      <Filter>General</Filter>
    </ClInclude>
    <ClInclude Include="iserializable.h">
      <Filter>General</Filter>
    </ClInclude>
    <ClInclude Include="resource_manager.h">
      <Filter>General</Filter>
    </ClInclude>
    <ClInclude Include="vector.h">
      <Filter>General</Filter>
    </ClInclude>
    <ClInclude Include="world.h">
      <Filter>General</Filter>
    </ClInclude>
    <ClInclude Include="module_engine.h">
      <Filter>Module</Filter>
    </ClInclude>
    <ClInclude Include="module_flamethrower.h">
      <Filter>Module</Filter>
    </ClInclude>
    <ClInclude Include="module_battery.h">
      <Filter>Module</Filter>
    </ClInclude>
    <ClInclude Include="module_cannon.h">
      <Filter>Module</Filter>
    </ClInclude>
    <ClInclude Include="module_cargo.h">
      <Filter>Module</Filter>
    </ClInclude>
    <ClInclude Include="module_energy_generator.h">
      <Filter>Module</Filter>
    </ClInclude>
    <ClInclude Include="module_shield_generator.h">
      <Filter>Module</Filter>
    </ClInclude>
    <ClInclude Include="module_turret.h">
      <Filter>Module</Filter>
    </ClInclude>
    <ClInclude Include="module_base.h">
      <Filter>Module</Filter>
    </ClInclude>
    <ClInclude Include="module_core.h">
      <Filter>Module</Filter>
    </ClInclude>
    <ClInclude Include="unit_bucket.h">
      <Filter>Unit</Filter>
    </ClInclude>
    <ClInclude Include="unit_landing_pad.h">
      <Filter>Unit</Filter>
    </ClInclude>
    <ClInclude Include="unit_projectile.h">
      <Filter>Unit</Filter>
    </ClInclude>
    <ClInclude Include="unit_base.h">
      <Filter>Unit</Filter>
    </ClInclude>
    <ClInclude Include="unit_minion.h">
      <Filter>Unit</Filter>
    </ClInclude>
    <ClInclude Include="unit_modular.h">
      <Filter>Unit</Filter>
    </ClInclude>
    <ClInclude Include="yaml.h">
      <Filter>General</Filter>
    </ClInclude>
    <ClInclude Include="unit_gate.h">
      <Filter>Unit</Filter>
    </ClInclude>
    <ClInclude Include="stdafx.h">
      <Filter>General</Filter>
    </ClInclude>
    <ClInclude Include="curve.h">
      <Filter>General</Filter>
    </ClInclude>
    <ClInclude Include="algorithm.h">
      <Filter>General</Filter>
    </ClInclude>
    <ClInclude Include="ihas_bindings.h">
      <Filter>General</Filter>
    </ClInclude>
    <ClInclude Include="ui_node.h">
      <Filter>UI</Filter>
    </ClInclude>
    <ClInclude Include="ui_window.h">
      <Filter>UI</Filter>
    </ClInclude>
    <ClInclude Include="ui_button.h">
      <Filter>UI</Filter>
    </ClInclude>
    <ClInclude Include="ui_event.h">
      <Filter>UI</Filter>
    </ClInclude>
    <ClInclude Include="ui.h">
      <Filter>UI</Filter>
    </ClInclude>
    <ClInclude Include="ui_container.h">
      <Filter>UI</Filter>
    </ClInclude>
    <ClInclude Include="module_iturret.h">
      <Filter>Module</Filter>
    </ClInclude>
  </ItemGroup>
  <ItemGroup>
    <None Include="bump_mapping.glsl">
      <Filter>Resource Files</Filter>
    </None>
    <None Include="occlusion.glsl">
      <Filter>Resource Files</Filter>
    </None>
    <None Include="options.yml">
      <Filter>Resource Files</Filter>
    </None>
    <None Include="shader.glsl">
      <Filter>Resource Files</Filter>
    </None>
    <None Include="shadows.glsl">
      <Filter>Resource Files</Filter>
    </None>
  </ItemGroup>
</Project>